
Microsoft Visual Studio Solution File, Format Version 12.00
# Visual Studio Version 16
VisualStudioVersion = 16.0.31624.102
MinimumVisualStudioVersion = 10.0.40219.1
Project("{FAE04EC0-301F-11D3-BF4B-00C04F79EFBC}") = "SwitchcaseCalculatorDemo", "SwitchcaseCalculatorDemo.csproj", "{6C251222-0A40-480B-9935-8D67B7901FAB}"
EndProject
Global
	GlobalSection(SolutionConfigurationPlatforms) = preSolution
		Debug|Any CPU = Debug|Any CPU
		Release|Any CPU = Release|Any CPU
	EndGlobalSection
	GlobalSection(ProjectConfigurationPlatforms) = postSolution
		{6C251222-0A40-480B-9935-8D67B7901FAB}.Debug|Any CPU.ActiveCfg = Debug|Any CPU
		{6C251222-0A40-480B-9935-8D67B7901FAB}.Debug|Any CPU.Build.0 = Debug|Any CPU
		{6C251222-0A40-480B-9935-8D67B7901FAB}.Release|Any CPU.ActiveCfg = Release|Any CPU
		{6C251222-0A40-480B-9935-8D67B7901FAB}.Release|Any CPU.Build.0 = Release|Any CPU
	EndGlobalSection
	GlobalSection(SolutionProperties) = preSolution
		HideSolutionNode = FALSE
	EndGlobalSection
	GlobalSection(ExtensibilityGlobals) = postSolution
		SolutionGuid = {2D089C87-85F1-4C40-91A7-B31EF1B5B6C1}
	EndGlobalSection
EndGlobal
